
Microsoft Visual Studio Solution File, Format Version 12.00
# Visual Studio 15
VisualStudioVersion = 15.0.28307.1082
MinimumVisualStudioVersion = 10.0.40219.1
Project("{FAE04EC0-301F-11D3-BF4B-00C04F79EFBC}") = "Calculator_WPF_NEW", "Calculator_WPF_NEW\Calculator_WPF_NEW.csproj", "{D6767842-A059-4865-A978-5F3F415FE524}"
EndProject
Global
	GlobalSection(SolutionConfigurationPlatforms) = preSolution
		Debug|Any CPU = Debug|Any CPU
		Release|Any CPU = Release|Any CPU
	EndGlobalSection
	GlobalSection(ProjectConfigurationPlatforms) = postSolution
		{D6767842-A059-4865-A978-5F3F415FE524}.Debug|Any CPU.ActiveCfg = Debug|Any CPU
		{D6767842-A059-4865-A978-5F3F415FE524}.Debug|Any CPU.Build.0 = Debug|Any CPU
		{D6767842-A059-4865-A978-5F3F415FE524}.Release|Any CPU.ActiveCfg = Release|Any CPU
		{D6767842-A059-4865-A978-5F3F415FE524}.Release|Any CPU.Build.0 = Release|Any CPU
	EndGlobalSection
	GlobalSection(SolutionProperties) = preSolution
		HideSolutionNode = FALSE
	EndGlobalSection
	GlobalSection(ExtensibilityGlobals) = postSolution
		SolutionGuid = {F5CCD3F5-16D9-4B22-A1DC-DE0CCF9949DD}
	EndGlobalSection
EndGlobal
